// !$*UTF8*$!
{
	archiveVersion = 1;
	classes = {
	};
	objectVersion = 56;
	objects = {

/* Begin PBXBuildFile section */
		3633AA9E2D0535960087F581 /* proyecto_LoginApp.swift in Sources */ = {isa = PBXBuildFile; fileRef = 3633AA9D2D0535960087F581 /* proyecto_LoginApp.swift */; };
		3633AAA02D0535960087F581 /* ContentView.swift in Sources */ = {isa = PBXBuildFile; fileRef = 3633AA9F2D0535960087F581 /* ContentView.swift */; };
		3633AAA22D05359A0087F581 /* Assets.xcassets in Resources */ = {isa = PBXBuildFile; fileRef = 3633AAA12D05359A0087F581 /* Assets.xcassets */; };
		3633AAA52D05359A0087F581 /* Preview Assets.xcassets in Resources */ = {isa = PBXBuildFile; fileRef = 3633AAA42D05359A0087F581 /* Preview Assets.xcassets */; };
		36901B4B2D09FA030077D8A8 /* CustomTextField.swift in Sources */ = {isa = PBXBuildFile; fileRef = 36901B4A2D09FA030077D8A8 /* CustomTextField.swift */; };
		36901B4D2D09FA1C0077D8A8 /* GoogleFormViewModel.swift in Sources */ = {isa = PBXBuildFile; fileRef = 36901B4C2D09FA1C0077D8A8 /* GoogleFormViewModel.swift */; };
		36901B522D09FC880077D8A8 /* FormModel.swift in Sources */ = {isa = PBXBuildFile; fileRef = 36901B512D09FC880077D8A8 /* FormModel.swift */; };
		36901B542D09FCFA0077D8A8 /* FormDetailView.swift in Sources */ = {isa = PBXBuildFile; fileRef = 36901B532D09FCFA0077D8A8 /* FormDetailView.swift */; };
		36901B562D09FD330077D8A8 /* FormListView.swift in Sources */ = {isa = PBXBuildFile; fileRef = 36901B552D09FD330077D8A8 /* FormListView.swift */; };
		36901B582D09FD7D0077D8A8 /* package.swift in Sources */ = {isa = PBXBuildFile; fileRef = 36901B572D09FD7D0077D8A8 /* package.swift */; };
		36901B5B2D0A006B0077D8A8 /* Alamofire in Frameworks */ = {isa = PBXBuildFile; productRef = 36901B5A2D0A006B0077D8A8 /* Alamofire */; };
		36901B5D2D0A006B0077D8A8 /* AlamofireDynamic in Frameworks */ = {isa = PBXBuildFile; productRef = 36901B5C2D0A006B0077D8A8 /* AlamofireDynamic */; };
		36901B602D0A00F00077D8A8 /* SwiftyJSON in Frameworks */ = {isa = PBXBuildFile; productRef = 36901B5F2D0A00F00077D8A8 /* SwiftyJSON */; };
/* End PBXBuildFile section */

/* Begin PBXFileReference section */
		3633AA9A2D0535960087F581 /* proyecto_Login.app */ = {isa = PBXFileReference; explicitFileType = wrapper.application; includeInIndex = 0; path = proyecto_Login.app; sourceTree = BUILT_PRODUCTS_DIR; };
		3633AA9D2D0535960087F581 /* proyecto_LoginApp.swift */ = {isa = PBXFileReference; lastKnownFileType = sourcecode.swift; path = proyecto_LoginApp.swift; sourceTree = "<group>"; };
		3633AA9F2D0535960087F581 /* ContentView.swift */ = {isa = PBXFileReference; lastKnownFileType = sourcecode.swift; path = ContentView.swift; sourceTree = "<group>"; };
		3633AAA12D05359A0087F581 /* Assets.xcassets */ = {isa = PBXFileReference; lastKnownFileType = folder.assetcatalog; path = Assets.xcassets; sourceTree = "<group>"; };
		3633AAA42D05359A0087F581 /* Preview Assets.xcassets */ = {isa = PBXFileReference; lastKnownFileType = folder.assetcatalog; path = "Preview Assets.xcassets"; sourceTree = "<group>"; };
		36901B4A2D09FA030077D8A8 /* CustomTextField.swift */ = {isa = PBXFileReference; lastKnownFileType = sourcecode.swift; path = CustomTextField.swift; sourceTree = "<group>"; };
		36901B4C2D09FA1C0077D8A8 /* GoogleFormViewModel.swift */ = {isa = PBXFileReference; lastKnownFileType = sourcecode.swift; path = GoogleFormViewModel.swift; sourceTree = "<group>"; };
		36901B512D09FC880077D8A8 /* FormModel.swift */ = {isa = PBXFileReference; lastKnownFileType = sourcecode.swift; path = FormModel.swift; sourceTree = "<group>"; };
		36901B532D09FCFA0077D8A8 /* FormDetailView.swift */ = {isa = PBXFileReference; lastKnownFileType = sourcecode.swift; path = FormDetailView.swift; sourceTree = "<group>"; };
		36901B552D09FD330077D8A8 /* FormListView.swift */ = {isa = PBXFileReference; lastKnownFileType = sourcecode.swift; path = FormListView.swift; sourceTree = "<group>"; };
		36901B572D09FD7D0077D8A8 /* package.swift */ = {isa = PBXFileReference; lastKnownFileType = sourcecode.swift; path = package.swift; sourceTree = "<group>"; };
/* End PBXFileReference section */

/* Begin PBXFrameworksBuildPhase section */
		3633AA972D0535960087F581 /* Frameworks */ = {
			isa = PBXFrameworksBuildPhase;
			buildActionMask = 2147483647;
			files = (
				36901B602D0A00F00077D8A8 /* SwiftyJSON in Frameworks */,
				36901B5B2D0A006B0077D8A8 /* Alamofire in Frameworks */,
				36901B5D2D0A006B0077D8A8 /* AlamofireDynamic in Frameworks */,
			);
			runOnlyForDeploymentPostprocessing = 0;
		};
/* End PBXFrameworksBuildPhase section */

/* Begin PBXGroup section */
		3633AA912D0535950087F581 = {
			isa = PBXGroup;
			children = (
				3633AA9C2D0535960087F581 /* proyecto_Login */,
				3633AA9B2D0535960087F581 /* Products */,
			);
			sourceTree = "<group>";
		};
		3633AA9B2D0535960087F581 /* Products */ = {
			isa = PBXGroup;
			children = (
				3633AA9A2D0535960087F581 /* proyecto_Login.app */,
			);
			name = Products;
			sourceTree = "<group>";
		};
		3633AA9C2D0535960087F581 /* proyecto_Login */ = {
			isa = PBXGroup;
			children = (
				3633AA9D2D0535960087F581 /* proyecto_LoginApp.swift */,
				3633AA9F2D0535960087F581 /* ContentView.swift */,
				36901B4F2D09FB420077D8A8 /* ViewModel */,
				36901B4E2D09FB310077D8A8 /* Models */,
				36901B502D09FBDA0077D8A8 /* View */,
				36901B572D09FD7D0077D8A8 /* package.swift */,
				3633AAA12D05359A0087F581 /* Assets.xcassets */,
				3633AAA32D05359A0087F581 /* Preview Content */,
			);
			path = proyecto_Login;
			sourceTree = "<group>";
		};
		3633AAA32D05359A0087F581 /* Preview Content */ = {
			isa = PBXGroup;
			children = (
				3633AAA42D05359A0087F581 /* Preview Assets.xcassets */,
			);
			path = "Preview Content";
			sourceTree = "<group>";
		};
		36901B4E2D09FB310077D8A8 /* Models */ = {
			isa = PBXGroup;
			children = (
				36901B512D09FC880077D8A8 /* FormModel.swift */,
			);
			path = Models;
			sourceTree = "<group>";
		};
		36901B4F2D09FB420077D8A8 /* ViewModel */ = {
			isa = PBXGroup;
			children = (
				36901B4C2D09FA1C0077D8A8 /* GoogleFormViewModel.swift */,
			);
			path = ViewModel;
			sourceTree = "<group>";
		};
		36901B502D09FBDA0077D8A8 /* View */ = {
			isa = PBXGroup;
			children = (
				36901B4A2D09FA030077D8A8 /* CustomTextField.swift */,
				36901B532D09FCFA0077D8A8 /* FormDetailView.swift */,
				36901B552D09FD330077D8A8 /* FormListView.swift */,
			);
			path = View;
			sourceTree = "<group>";
		};
/* End PBXGroup section */

/* Begin PBXNativeTarget section */
		3633AA992D0535960087F581 /* proyecto_Login */ = {
			isa = PBXNativeTarget;
			buildConfigurationList = 3633AAA82D05359A0087F581 /* Build configuration list for PBXNativeTarget "proyecto_Login" */;
			buildPhases = (
				3633AA962D0535960087F581 /* Sources */,
				3633AA972D0535960087F581 /* Frameworks */,
				3633AA982D0535960087F581 /* Resources */,
			);
			buildRules = (
			);
			dependencies = (
			);
			name = proyecto_Login;
			packageProductDependencies = (
				36901B5A2D0A006B0077D8A8 /* Alamofire */,
				36901B5C2D0A006B0077D8A8 /* AlamofireDynamic */,
				36901B5F2D0A00F00077D8A8 /* SwiftyJSON */,
			);
			productName = proyecto_Login;
			productReference = 3633AA9A2D0535960087F581 /* proyecto_Login.app */;
			productType = "com.apple.product-type.application";
		};
/* End PBXNativeTarget section */

/* Begin PBXProject section */
		3633AA922D0535950087F581 /* Project object */ = {
			isa = PBXProject;
			attributes = {
				BuildIndependentTargetsInParallel = 1;
				LastSwiftUpdateCheck = 1520;
				LastUpgradeCheck = 1520;
				TargetAttributes = {
					3633AA992D0535960087F581 = {
						CreatedOnToolsVersion = 15.2;
					};
				};
			};
			buildConfigurationList = 3633AA952D0535950087F581 /* Build configuration list for PBXProject "proyecto_Login" */;
			compatibilityVersion = "Xcode 14.0";
			developmentRegion = en;
			hasScannedForEncodings = 0;
			knownRegions = (
				en,
				Base,
			);
			mainGroup = 3633AA912D0535950087F581;
			packageReferences = (
				36901B592D0A006B0077D8A8 /* XCRemoteSwiftPackageReference "Alamofire" */,
				36901B5E2D0A00F00077D8A8 /* XCRemoteSwiftPackageReference "SwiftyJSON" */,
			);
			productRefGroup = 3633AA9B2D0535960087F581 /* Products */;
			projectDirPath = "";
			projectRoot = "";
			targets = (
				3633AA992D0535960087F581 /* proyecto_Login */,
			);
		};
/* End PBXProject section */

/* Begin PBXResourcesBuildPhase section */
		3633AA982D0535960087F581 /* Resources */ = {
			isa = PBXResourcesBuildPhase;
			buildActionMask = 2147483647;
			files = (
				3633AAA52D05359A0087F581 /* Preview Assets.xcassets in Resources */,
				3633AAA22D05359A0087F581 /* Assets.xcassets in Resources */,
			);
			runOnlyForDeploymentPostprocessing = 0;
		};
/* End PBXResourcesBuildPhase section */

/* Begin PBXSourcesBuildPhase section */
		3633AA962D0535960087F581 /* Sources */ = {
			isa = PBXSourcesBuildPhase;
			buildActionMask = 2147483647;
			files = (
				3633AAA02D0535960087F581 /* ContentView.swift in Sources */,
				36901B542D09FCFA0077D8A8 /* FormDetailView.swift in Sources */,
				36901B562D09FD330077D8A8 /* FormListView.swift in Sources */,
				36901B4D2D09FA1C0077D8A8 /* GoogleFormViewModel.swift in Sources */,
				36901B582D09FD7D0077D8A8 /* package.swift in Sources */,
				3633AA9E2D0535960087F581 /* proyecto_LoginApp.swift in Sources */,
				36901B522D09FC880077D8A8 /* FormModel.swift in Sources */,
				36901B4B2D09FA030077D8A8 /* CustomTextField.swift in Sources */,
			);
			runOnlyForDeploymentPostprocessing = 0;
		};
/* End PBXSourcesBuildPhase section */

/* Begin XCBuildConfiguration section */
		3633AAA62D05359A0087F581 /* Debug */ = {
			isa = XCBuildConfiguration;
			buildSettings = {
				ALWAYS_SEARCH_USER_PATHS = NO;
				ASSETCATALOG_COMPILER_GENERATE_SWIFT_ASSET_SYMBOL_EXTENSIONS = YES;
				CLANG_ANALYZER_NONNULL = YES;
				CLANG_ANALYZER_NUMBER_OBJECT_CONVERSION = YES_AGGRESSIVE;
				CLANG_CXX_LANGUAGE_STANDARD = "gnu++20";
				CLANG_ENABLE_MODULES = YES;
				CLANG_ENABLE_OBJC_ARC = YES;
				CLANG_ENABLE_OBJC_WEAK = YES;
				CLANG_WARN_BLOCK_CAPTURE_AUTORELEASING = YES;
				CLANG_WARN_BOOL_CONVERSION = YES;
				CLANG_WARN_COMMA = YES;
				CLANG_WARN_CONSTANT_CONVERSION = YES;
				CLANG_WARN_DEPRECATED_OBJC_IMPLEMENTATIONS = YES;
				CLANG_WARN_DIRECT_OBJC_ISA_USAGE = YES_ERROR;
				CLANG_WARN_DOCUMENTATION_COMMENTS = YES;
				CLANG_WARN_EMPTY_BODY = YES;
				CLANG_WARN_ENUM_CONVERSION = YES;
				CLANG_WARN_INFINITE_RECURSION = YES;
				CLANG_WARN_INT_CONVERSION = YES;
				CLANG_WARN_NON_LITERAL_NULL_CONVERSION = YES;
				CLANG_WARN_OBJC_IMPLICIT_RETAIN_SELF = YES;
				CLANG_WARN_OBJC_LITERAL_CONVERSION = YES;
				CLANG_WARN_OBJC_ROOT_CLASS = YES_ERROR;
				CLANG_WARN_QUOTED_INCLUDE_IN_FRAMEWORK_HEADER = YES;
				CLANG_WARN_RANGE_LOOP_ANALYSIS = YES;
				CLANG_WARN_STRICT_PROTOTYPES = YES;
				CLANG_WARN_SUSPICIOUS_MOVE = YES;
				CLANG_WARN_UNGUARDED_AVAILABILITY = YES_AGGRESSIVE;
				CLANG_WARN_UNREACHABLE_CODE = YES;
				CLANG_WARN__DUPLICATE_METHOD_MATCH = YES;
				COPY_PHASE_STRIP = NO;
				DEBUG_INFORMATION_FORMAT = dwarf;
				ENABLE_STRICT_OBJC_MSGSEND = YES;
				ENABLE_TESTABILITY = YES;
				ENABLE_USER_SCRIPT_SANDBOXING = YES;
				GCC_C_LANGUAGE_STANDARD = gnu17;
				GCC_DYNAMIC_NO_PIC = NO;
				GCC_NO_COMMON_BLOCKS = YES;
				GCC_OPTIMIZATION_LEVEL = 0;
				GCC_PREPROCESSOR_DEFINITIONS = (
					"DEBUG=1",
					"$(inherited)",
				);
				GCC_WARN_64_TO_32_BIT_CONVERSION = YES;
				GCC_WARN_ABOUT_RETURN_TYPE = YES_ERROR;
				GCC_WARN_UNDECLARED_SELECTOR = YES;
				GCC_WARN_UNINITIALIZED_AUTOS = YES_AGGRESSIVE;
				GCC_WARN_UNUSED_FUNCTION = YES;
				GCC_WARN_UNUSED_VARIABLE = YES;
				IPHONEOS_DEPLOYMENT_TARGET = 17.2;
				LOCALIZATION_PREFERS_STRING_CATALOGS = YES;
				MTL_ENABLE_DEBUG_INFO = INCLUDE_SOURCE;
				MTL_FAST_MATH = YES;
				ONLY_ACTIVE_ARCH = YES;
				SDKROOT = iphoneos;
				SWIFT_ACTIVE_COMPILATION_CONDITIONS = "DEBUG $(inherited)";
				SWIFT_OPTIMIZATION_LEVEL = "-Onone";
			};
			name = Debug;
		};
		3633AAA72D05359A0087F581 /* Release */ = {
			isa = XCBuildConfiguration;
			buildSettings = {
				ALWAYS_SEARCH_USER_PATHS = NO;
				ASSETCATALOG_COMPILER_GENERATE_SWIFT_ASSET_SYMBOL_EXTENSIONS = YES;
				CLANG_ANALYZER_NONNULL = YES;
				CLANG_ANALYZER_NUMBER_OBJECT_CONVERSION = YES_AGGRESSIVE;
				CLANG_CXX_LANGUAGE_STANDARD = "gnu++20";
				CLANG_ENABLE_MODULES = YES;
				CLANG_ENABLE_OBJC_ARC = YES;
				CLANG_ENABLE_OBJC_WEAK = YES;
				CLANG_WARN_BLOCK_CAPTURE_AUTORELEASING = YES;
				CLANG_WARN_BOOL_CONVERSION = YES;
				CLANG_WARN_COMMA = YES;
				CLANG_WARN_CONSTANT_CONVERSION = YES;
				CLANG_WARN_DEPRECATED_OBJC_IMPLEMENTATIONS = YES;
				CLANG_WARN_DIRECT_OBJC_ISA_USAGE = YES_ERROR;
				CLANG_WARN_DOCUMENTATION_COMMENTS = YES;
				CLANG_WARN_EMPTY_BODY = YES;
				CLANG_WARN_ENUM_CONVERSION = YES;
				CLANG_WARN_INFINITE_RECURSION = YES;
				CLANG_WARN_INT_CONVERSION = YES;
				CLANG_WARN_NON_LITERAL_NULL_CONVERSION = YES;
				CLANG_WARN_OBJC_IMPLICIT_RETAIN_SELF = YES;
				CLANG_WARN_OBJC_LITERAL_CONVERSION = YES;
				CLANG_WARN_OBJC_ROOT_CLASS = YES_ERROR;
				CLANG_WARN_QUOTED_INCLUDE_IN_FRAMEWORK_HEADER = YES;
				CLANG_WARN_RANGE_LOOP_ANALYSIS = YES;
				CLANG_WARN_STRICT_PROTOTYPES = YES;
				CLANG_WARN_SUSPICIOUS_MOVE = YES;
				CLANG_WARN_UNGUARDED_AVAILABILITY = YES_AGGRESSIVE;
				CLANG_WARN_UNREACHABLE_CODE = YES;
				CLANG_WARN__DUPLICATE_METHOD_MATCH = YES;
				COPY_PHASE_STRIP = NO;
				DEBUG_INFORMATION_FORMAT = "dwarf-with-dsym";
				ENABLE_NS_ASSERTIONS = NO;
				ENABLE_STRICT_OBJC_MSGSEND = YES;
				ENABLE_USER_SCRIPT_SANDBOXING = YES;
				GCC_C_LANGUAGE_STANDARD = gnu17;
				GCC_NO_COMMON_BLOCKS = YES;
				GCC_WARN_64_TO_32_BIT_CONVERSION = YES;
				GCC_WARN_ABOUT_RETURN_TYPE = YES_ERROR;
				GCC_WARN_UNDECLARED_SELECTOR = YES;
				GCC_WARN_UNINITIALIZED_AUTOS = YES_AGGRESSIVE;
				GCC_WARN_UNUSED_FUNCTION = YES;
				GCC_WARN_UNUSED_VARIABLE = YES;
				IPHONEOS_DEPLOYMENT_TARGET = 17.2;
				LOCALIZATION_PREFERS_STRING_CATALOGS = YES;
				MTL_ENABLE_DEBUG_INFO = NO;
				MTL_FAST_MATH = YES;
				SDKROOT = iphoneos;
				SWIFT_COMPILATION_MODE = wholemodule;
				VALIDATE_PRODUCT = YES;
			};
			name = Release;
		};
		3633AAA92D05359A0087F581 /* Debug */ = {
			isa = XCBuildConfiguration;
			buildSettings = {
				ASSETCATALOG_COMPILER_APPICON_NAME = AppIcon;
				ASSETCATALOG_COMPILER_GLOBAL_ACCENT_COLOR_NAME = AccentColor;
				CODE_SIGN_STYLE = Automatic;
				CURRENT_PROJECT_VERSION = 1;
				DEVELOPMENT_ASSET_PATHS = "\"proyecto_Login/Preview Content\"";
				DEVELOPMENT_TEAM = 9MQ9GC3A9C;
				ENABLE_PREVIEWS = YES;
				GENERATE_INFOPLIST_FILE = YES;
				INFOPLIST_KEY_UIApplicationSceneManifest_Generation = YES;
				INFOPLIST_KEY_UIApplicationSupportsIndirectInputEvents = YES;
				INFOPLIST_KEY_UILaunchScreen_Generation = YES;
				INFOPLIST_KEY_UISupportedInterfaceOrientations_iPad = "UIInterfaceOrientationPortrait UIInterfaceOrientationPortraitUpsideDown UIInterfaceOrientationLandscapeLeft UIInterfaceOrientationLandscapeRight";
				INFOPLIST_KEY_UISupportedInterfaceOrientations_iPhone = "UIInterfaceOrientationPortrait UIInterfaceOrientationLandscapeLeft UIInterfaceOrientationLandscapeRight";
				LD_RUNPATH_SEARCH_PATHS = (
					"$(inherited)",
					"@executable_path/Frameworks",
				);
				MARKETING_VERSION = 1.0;
				PRODUCT_BUNDLE_IDENTIFIER = "VictorT.com.do.proyecto-Login";
				PRODUCT_NAME = "$(TARGET_NAME)";
				SWIFT_EMIT_LOC_STRINGS = YES;
				SWIFT_VERSION = 5.0;
				TARGETED_DEVICE_FAMILY = "1,2";
			};
			name = Debug;
		};
		3633AAAA2D05359A0087F581 /* Release */ = {
			isa = XCBuildConfiguration;
			buildSettings = {
				ASSETCATALOG_COMPILER_APPICON_NAME = AppIcon;
				ASSETCATALOG_COMPILER_GLOBAL_ACCENT_COLOR_NAME = AccentColor;
				CODE_SIGN_STYLE = Automatic;
				CURRENT_PROJECT_VERSION = 1;
				DEVELOPMENT_ASSET_PATHS = "\"proyecto_Login/Preview Content\"";
				DEVELOPMENT_TEAM = 9MQ9GC3A9C;
				ENABLE_PREVIEWS = YES;
				GENERATE_INFOPLIST_FILE = YES;
				INFOPLIST_KEY_UIApplicationSceneManifest_Generation = YES;
				INFOPLIST_KEY_UIApplicationSupportsIndirectInputEvents = YES;
				INFOPLIST_KEY_UILaunchScreen_Generation = YES;
				INFOPLIST_KEY_UISupportedInterfaceOrientations_iPad = "UIInterfaceOrientationPortrait UIInterfaceOrientationPortraitUpsideDown UIInterfaceOrientationLandscapeLeft UIInterfaceOrientationLandscapeRight";
				INFOPLIST_KEY_UISupportedInterfaceOrientations_iPhone = "UIInterfaceOrientationPortrait UIInterfaceOrientationLandscapeLeft UIInterfaceOrientationLandscapeRight";
				LD_RUNPATH_SEARCH_PATHS = (
					"$(inherited)",
					"@executable_path/Frameworks",
				);
				MARKETING_VERSION = 1.0;
				PRODUCT_BUNDLE_IDENTIFIER = "VictorT.com.do.proyecto-Login";
				PRODUCT_NAME = "$(TARGET_NAME)";
				SWIFT_EMIT_LOC_STRINGS = YES;
				SWIFT_VERSION = 5.0;
				TARGETED_DEVICE_FAMILY = "1,2";
			};
			name = Release;
		};
/* End XCBuildConfiguration section */

/* Begin XCConfigurationList section */
		3633AA952D0535950087F581 /* Build configuration list for PBXProject "proyecto_Login" */ = {
			isa = XCConfigurationList;
			buildConfigurations = (
				3633AAA62D05359A0087F581 /* Debug */,
				3633AAA72D05359A0087F581 /* Release */,
			);
			defaultConfigurationIsVisible = 0;
			defaultConfigurationName = Release;
		};
		3633AAA82D05359A0087F581 /* Build configuration list for PBXNativeTarget "proyecto_Login" */ = {
			isa = XCConfigurationList;
			buildConfigurations = (
				3633AAA92D05359A0087F581 /* Debug */,
				3633AAAA2D05359A0087F581 /* Release */,
			);
			defaultConfigurationIsVisible = 0;
			defaultConfigurationName = Release;
		};
/* End XCConfigurationList section */

/* Begin XCRemoteSwiftPackageReference section */
		36901B592D0A006B0077D8A8 /* XCRemoteSwiftPackageReference "Alamofire" */ = {
			isa = XCRemoteSwiftPackageReference;
			repositoryURL = "https://github.com/Alamofire/Alamofire";
			requirement = {
				kind = upToNextMajorVersion;
				minimumVersion = 5.10.2;
			};
		};
		36901B5E2D0A00F00077D8A8 /* XCRemoteSwiftPackageReference "SwiftyJSON" */ = {
			isa = XCRemoteSwiftPackageReference;
			repositoryURL = "https://github.com/SwiftyJSON/SwiftyJSON.git";
			requirement = {
				kind = upToNextMajorVersion;
				minimumVersion = 5.0.2;
			};
		};
/* End XCRemoteSwiftPackageReference section */

/* Begin XCSwiftPackageProductDependency section */
		36901B5A2D0A006B0077D8A8 /* Alamofire */ = {
			isa = XCSwiftPackageProductDependency;
			package = 36901B592D0A006B0077D8A8 /* XCRemoteSwiftPackageReference "Alamofire" */;
			productName = Alamofire;
		};
		36901B5C2D0A006B0077D8A8 /* AlamofireDynamic */ = {
			isa = XCSwiftPackageProductDependency;
			package = 36901B592D0A006B0077D8A8 /* XCRemoteSwiftPackageReference "Alamofire" */;
			productName = AlamofireDynamic;
		};
		36901B5F2D0A00F00077D8A8 /* SwiftyJSON */ = {
			isa = XCSwiftPackageProductDependency;
			package = 36901B5E2D0A00F00077D8A8 /* XCRemoteSwiftPackageReference "SwiftyJSON" */;
			productName = SwiftyJSON;
		};
/* End XCSwiftPackageProductDependency section */
	};
	rootObject = 3633AA922D0535950087F581 /* Project object */;
}
